<Solution>
  <Project Path="Benchmark/Benchmark.csproj" Id="c31395f0-8833-4622-80c0-5aa730e97ebd" />
  <Project Path="CacxClient/CacxClient.csproj" />
  <Project Path="CacxServer/CacxServer.csproj" />
  <Project Path="CacxShared/CacxShared.csproj" Id="84276237-132f-44f1-8fd9-2f2915e08399" />
</Solution>
